
Microsoft Visual Studio Solution File, Format Version 12.00
# Visual Studio 15
VisualStudioVersion = 15.0.28307.489
MinimumVisualStudioVersion = 10.0.40219.1
Project("{FAE04EC0-301F-11D3-BF4B-00C04F79EFBC}") = "ReactionTest.Android", "ReactionTest\ReactionTest.Android\ReactionTest.Android.csproj", "{7D972B21-647A-4AE8-86B3-CC658F7B963E}"
EndProject
Project("{FAE04EC0-301F-11D3-BF4B-00C04F79EFBC}") = "ReactionTest.iOS", "ReactionTest\ReactionTest.iOS\ReactionTest.iOS.csproj", "{4320201B-A4AC-4760-8091-34D4DAB476D2}"
EndProject
Project("{FAE04EC0-301F-11D3-BF4B-00C04F79EFBC}") = "ReactionTest", "ReactionTest\ReactionTest\ReactionTest.csproj", "{87D3D04B-5B6A-460F-939D-B03D9760FB58}"
EndProject
Global
	GlobalSection(SolutionConfigurationPlatforms) = preSolution
		Ad-Hoc|Any CPU = Ad-Hoc|Any CPU
		Ad-Hoc|iPhone = Ad-Hoc|iPhone
		Ad-Hoc|iPhoneSimulator = Ad-Hoc|iPhoneSimulator
		AppStore|Any CPU = AppStore|Any CPU
		AppStore|iPhone = AppStore|iPhone
		AppStore|iPhoneSimulator = AppStore|iPhoneSimulator
		Debug|Any CPU = Debug|Any CPU
		Debug|iPhone = Debug|iPhone
		Debug|iPhoneSimulator = Debug|iPhoneSimulator
		Release|Any CPU = Release|Any CPU
		Release|iPhone = Release|iPhone
		Release|iPhoneSimulator = Release|iPhoneSimulator
	EndGlobalSection
	GlobalSection(ProjectConfigurationPlatforms) = postSolution
		{7D972B21-647A-4AE8-86B3-CC658F7B963E}.Ad-Hoc|Any CPU.ActiveCfg = Release|Any CPU
		{7D972B21-647A-4AE8-86B3-CC658F7B963E}.Ad-Hoc|Any CPU.Build.0 = Release|Any CPU
		{7D972B21-647A-4AE8-86B3-CC658F7B963E}.Ad-Hoc|Any CPU.Deploy.0 = Release|Any CPU
		{7D972B21-647A-4AE8-86B3-CC658F7B963E}.Ad-Hoc|iPhone.ActiveCfg = Release|Any CPU
		{7D972B21-647A-4AE8-86B3-CC658F7B963E}.Ad-Hoc|iPhone.Build.0 = Release|Any CPU
		{7D972B21-647A-4AE8-86B3-CC658F7B963E}.Ad-Hoc|iPhone.Deploy.0 = Release|Any CPU
		{7D972B21-647A-4AE8-86B3-CC658F7B963E}.Ad-Hoc|iPhoneSimulator.ActiveCfg = Release|Any CPU
		{7D972B21-647A-4AE8-86B3-CC658F7B963E}.Ad-Hoc|iPhoneSimulator.Build.0 = Release|Any CPU
		{7D972B21-647A-4AE8-86B3-CC658F7B963E}.Ad-Hoc|iPhoneSimulator.Deploy.0 = Release|Any CPU
		{7D972B21-647A-4AE8-86B3-CC658F7B963E}.AppStore|Any CPU.ActiveCfg = Release|Any CPU
		{7D972B21-647A-4AE8-86B3-CC658F7B963E}.AppStore|Any CPU.Build.0 = Release|Any CPU
		{7D972B21-647A-4AE8-86B3-CC658F7B963E}.AppStore|Any CPU.Deploy.0 = Release|Any CPU
		{7D972B21-647A-4AE8-86B3-CC658F7B963E}.AppStore|iPhone.ActiveCfg = Release|Any CPU
		{7D972B21-647A-4AE8-86B3-CC658F7B963E}.AppStore|iPhone.Build.0 = Release|Any CPU
		{7D972B21-647A-4AE8-86B3-CC658F7B963E}.AppStore|iPhone.Deploy.0 = Release|Any CPU
		{7D972B21-647A-4AE8-86B3-CC658F7B963E}.AppStore|iPhoneSimulator.ActiveCfg = Release|Any CPU
		{7D972B21-647A-4AE8-86B3-CC658F7B963E}.AppStore|iPhoneSimulator.Build.0 = Release|Any CPU
		{7D972B21-647A-4AE8-86B3-CC658F7B963E}.AppStore|iPhoneSimulator.Deploy.0 = Release|Any CPU
		{7D972B21-647A-4AE8-86B3-CC658F7B963E}.Debug|Any CPU.ActiveCfg = Debug|Any CPU
		{7D972B21-647A-4AE8-86B3-CC658F7B963E}.Debug|Any CPU.Build.0 = Debug|Any CPU
		{7D972B21-647A-4AE8-86B3-CC658F7B963E}.Debug|Any CPU.Deploy.0 = Debug|Any CPU
		{7D972B21-647A-4AE8-86B3-CC658F7B963E}.Debug|iPhone.ActiveCfg = Debug|Any CPU
		{7D972B21-647A-4AE8-86B3-CC658F7B963E}.Debug|iPhone.Build.0 = Debug|Any CPU
		{7D972B21-647A-4AE8-86B3-CC658F7B963E}.Debug|iPhone.Deploy.0 = Debug|Any CPU
		{7D972B21-647A-4AE8-86B3-CC658F7B963E}.Debug|iPhoneSimulator.ActiveCfg = Debug|Any CPU
		{7D972B21-647A-4AE8-86B3-CC658F7B963E}.Debug|iPhoneSimulator.Build.0 = Debug|Any CPU
		{7D972B21-647A-4AE8-86B3-CC658F7B963E}.Debug|iPhoneSimulator.Deploy.0 = Debug|Any CPU
		{7D972B21-647A-4AE8-86B3-CC658F7B963E}.Release|Any CPU.ActiveCfg = Release|Any CPU
		{7D972B21-647A-4AE8-86B3-CC658F7B963E}.Release|Any CPU.Build.0 = Release|Any CPU
		{7D972B21-647A-4AE8-86B3-CC658F7B963E}.Release|Any CPU.Deploy.0 = Release|Any CPU
		{7D972B21-647A-4AE8-86B3-CC658F7B963E}.Release|iPhone.ActiveCfg = Release|Any CPU
		{7D972B21-647A-4AE8-86B3-CC658F7B963E}.Release|iPhone.Build.0 = Release|Any CPU
		{7D972B21-647A-4AE8-86B3-CC658F7B963E}.Release|iPhone.Deploy.0 = Release|Any CPU
		{7D972B21-647A-4AE8-86B3-CC658F7B963E}.Release|iPhoneSimulator.ActiveCfg = Release|Any CPU
		{7D972B21-647A-4AE8-86B3-CC658F7B963E}.Release|iPhoneSimulator.Build.0 = Release|Any CPU
		{7D972B21-647A-4AE8-86B3-CC658F7B963E}.Release|iPhoneSimulator.Deploy.0 = Release|Any CPU
		{4320201B-A4AC-4760-8091-34D4DAB476D2}.Ad-Hoc|Any CPU.ActiveCfg = Ad-Hoc|iPhone
		{4320201B-A4AC-4760-8091-34D4DAB476D2}.Ad-Hoc|Any CPU.Build.0 = Ad-Hoc|iPhone
		{4320201B-A4AC-4760-8091-34D4DAB476D2}.Ad-Hoc|Any CPU.Deploy.0 = Ad-Hoc|iPhone
		{4320201B-A4AC-4760-8091-34D4DAB476D2}.Ad-Hoc|iPhone.ActiveCfg = Ad-Hoc|iPhone
		{4320201B-A4AC-4760-8091-34D4DAB476D2}.Ad-Hoc|iPhone.Build.0 = Ad-Hoc|iPhone
		{4320201B-A4AC-4760-8091-34D4DAB476D2}.Ad-Hoc|iPhone.Deploy.0 = Ad-Hoc|iPhone
		{4320201B-A4AC-4760-8091-34D4DAB476D2}.Ad-Hoc|iPhoneSimulator.ActiveCfg = Ad-Hoc|iPhoneSimulator
		{4320201B-A4AC-4760-8091-34D4DAB476D2}.Ad-Hoc|iPhoneSimulator.Build.0 = Ad-Hoc|iPhoneSimulator
		{4320201B-A4AC-4760-8091-34D4DAB476D2}.Ad-Hoc|iPhoneSimulator.Deploy.0 = Ad-Hoc|iPhoneSimulator
		{4320201B-A4AC-4760-8091-34D4DAB476D2}.AppStore|Any CPU.ActiveCfg = AppStore|iPhone
		{4320201B-A4AC-4760-8091-34D4DAB476D2}.AppStore|Any CPU.Build.0 = AppStore|iPhone
		{4320201B-A4AC-4760-8091-34D4DAB476D2}.AppStore|Any CPU.Deploy.0 = AppStore|iPhone
		{4320201B-A4AC-4760-8091-34D4DAB476D2}.AppStore|iPhone.ActiveCfg = AppStore|iPhone
		{4320201B-A4AC-4760-8091-34D4DAB476D2}.AppStore|iPhone.Build.0 = AppStore|iPhone
		{4320201B-A4AC-4760-8091-34D4DAB476D2}.AppStore|iPhone.Deploy.0 = AppStore|iPhone
		{4320201B-A4AC-4760-8091-34D4DAB476D2}.AppStore|iPhoneSimulator.ActiveCfg = AppStore|iPhoneSimulator
		{4320201B-A4AC-4760-8091-34D4DAB476D2}.AppStore|iPhoneSimulator.Build.0 = AppStore|iPhoneSimulator
		{4320201B-A4AC-4760-8091-34D4DAB476D2}.AppStore|iPhoneSimulator.Deploy.0 = AppStore|iPhoneSimulator
		{4320201B-A4AC-4760-8091-34D4DAB476D2}.Debug|Any CPU.ActiveCfg = Debug|iPhoneSimulator
		{4320201B-A4AC-4760-8091-34D4DAB476D2}.Debug|Any CPU.Build.0 = Debug|iPhoneSimulator
		{4320201B-A4AC-4760-8091-34D4DAB476D2}.Debug|Any CPU.Deploy.0 = Debug|iPhoneSimulator
		{4320201B-A4AC-4760-8091-34D4DAB476D2}.Debug|iPhone.ActiveCfg = Debug|iPhone
		{4320201B-A4AC-4760-8091-34D4DAB476D2}.Debug|iPhone.Build.0 = Debug|iPhone
		{4320201B-A4AC-4760-8091-34D4DAB476D2}.Debug|iPhone.Deploy.0 = Debug|iPhone
		{4320201B-A4AC-4760-8091-34D4DAB476D2}.Debug|iPhoneSimulator.ActiveCfg = Debug|iPhoneSimulator
		{4320201B-A4AC-4760-8091-34D4DAB476D2}.Debug|iPhoneSimulator.Build.0 = Debug|iPhoneSimulator
		{4320201B-A4AC-4760-8091-34D4DAB476D2}.Debug|iPhoneSimulator.Deploy.0 = Debug|iPhoneSimulator
		{4320201B-A4AC-4760-8091-34D4DAB476D2}.Release|Any CPU.ActiveCfg = Release|iPhone
		{4320201B-A4AC-4760-8091-34D4DAB476D2}.Release|Any CPU.Build.0 = Release|iPhone
		{4320201B-A4AC-4760-8091-34D4DAB476D2}.Release|Any CPU.Deploy.0 = Release|iPhone
		{4320201B-A4AC-4760-8091-34D4DAB476D2}.Release|iPhone.ActiveCfg = Release|iPhone
		{4320201B-A4AC-4760-8091-34D4DAB476D2}.Release|iPhone.Build.0 = Release|iPhone
		{4320201B-A4AC-4760-8091-34D4DAB476D2}.Release|iPhone.Deploy.0 = Release|iPhone
		{4320201B-A4AC-4760-8091-34D4DAB476D2}.Release|iPhoneSimulator.ActiveCfg = Release|iPhoneSimulator
		{4320201B-A4AC-4760-8091-34D4DAB476D2}.Release|iPhoneSimulator.Build.0 = Release|iPhoneSimulator
		{4320201B-A4AC-4760-8091-34D4DAB476D2}.Release|iPhoneSimulator.Deploy.0 = Release|iPhoneSimulator
		{87D3D04B-5B6A-460F-939D-B03D9760FB58}.Ad-Hoc|Any CPU.ActiveCfg = Debug|Any CPU
		{87D3D04B-5B6A-460F-939D-B03D9760FB58}.Ad-Hoc|Any CPU.Build.0 = Debug|Any CPU
		{87D3D04B-5B6A-460F-939D-B03D9760FB58}.Ad-Hoc|Any CPU.Deploy.0 = Debug|Any CPU
		{87D3D04B-5B6A-460F-939D-B03D9760FB58}.Ad-Hoc|iPhone.ActiveCfg = Debug|Any CPU
		{87D3D04B-5B6A-460F-939D-B03D9760FB58}.Ad-Hoc|iPhone.Build.0 = Debug|Any CPU
		{87D3D04B-5B6A-460F-939D-B03D9760FB58}.Ad-Hoc|iPhone.Deploy.0 = Debug|Any CPU
		{87D3D04B-5B6A-460F-939D-B03D9760FB58}.Ad-Hoc|iPhoneSimulator.ActiveCfg = Debug|Any CPU
		{87D3D04B-5B6A-460F-939D-B03D9760FB58}.Ad-Hoc|iPhoneSimulator.Build.0 = Debug|Any CPU
		{87D3D04B-5B6A-460F-939D-B03D9760FB58}.Ad-Hoc|iPhoneSimulator.Deploy.0 = Debug|Any CPU
		{87D3D04B-5B6A-460F-939D-B03D9760FB58}.AppStore|Any CPU.ActiveCfg = Debug|Any CPU
		{87D3D04B-5B6A-460F-939D-B03D9760FB58}.AppStore|Any CPU.Build.0 = Debug|Any CPU
		{87D3D04B-5B6A-460F-939D-B03D9760FB58}.AppStore|Any CPU.Deploy.0 = Debug|Any CPU
		{87D3D04B-5B6A-460F-939D-B03D9760FB58}.AppStore|iPhone.ActiveCfg = Debug|Any CPU
		{87D3D04B-5B6A-460F-939D-B03D9760FB58}.AppStore|iPhone.Build.0 = Debug|Any CPU
		{87D3D04B-5B6A-460F-939D-B03D9760FB58}.AppStore|iPhone.Deploy.0 = Debug|Any CPU
		{87D3D04B-5B6A-460F-939D-B03D9760FB58}.AppStore|iPhoneSimulator.ActiveCfg = Debug|Any CPU
		{87D3D04B-5B6A-460F-939D-B03D9760FB58}.AppStore|iPhoneSimulator.Build.0 = Debug|Any CPU
		{87D3D04B-5B6A-460F-939D-B03D9760FB58}.AppStore|iPhoneSimulator.Deploy.0 = Debug|Any CPU
		{87D3D04B-5B6A-460F-939D-B03D9760FB58}.Debug|Any CPU.ActiveCfg = Debug|Any CPU
		{87D3D04B-5B6A-460F-939D-B03D9760FB58}.Debug|Any CPU.Build.0 = Debug|Any CPU
		{87D3D04B-5B6A-460F-939D-B03D9760FB58}.Debug|Any CPU.Deploy.0 = Debug|Any CPU
		{87D3D04B-5B6A-460F-939D-B03D9760FB58}.Debug|iPhone.ActiveCfg = Debug|Any CPU
		{87D3D04B-5B6A-460F-939D-B03D9760FB58}.Debug|iPhone.Build.0 = Debug|Any CPU
		{87D3D04B-5B6A-460F-939D-B03D9760FB58}.Debug|iPhone.Deploy.0 = Debug|Any CPU
		{87D3D04B-5B6A-460F-939D-B03D9760FB58}.Debug|iPhoneSimulator.ActiveCfg = Debug|Any CPU
		{87D3D04B-5B6A-460F-939D-B03D9760FB58}.Debug|iPhoneSimulator.Build.0 = Debug|Any CPU
		{87D3D04B-5B6A-460F-939D-B03D9760FB58}.Debug|iPhoneSimulator.Deploy.0 = Debug|Any CPU
		{87D3D04B-5B6A-460F-939D-B03D9760FB58}.Release|Any CPU.ActiveCfg = Release|Any CPU
		{87D3D04B-5B6A-460F-939D-B03D9760FB58}.Release|Any CPU.Build.0 = Release|Any CPU
		{87D3D04B-5B6A-460F-939D-B03D9760FB58}.Release|Any CPU.Deploy.0 = Release|Any CPU
		{87D3D04B-5B6A-460F-939D-B03D9760FB58}.Release|iPhone.ActiveCfg = Release|Any CPU
		{87D3D04B-5B6A-460F-939D-B03D9760FB58}.Release|iPhone.Build.0 = Release|Any CPU
		{87D3D04B-5B6A-460F-939D-B03D9760FB58}.Release|iPhone.Deploy.0 = Release|Any CPU
		{87D3D04B-5B6A-460F-939D-B03D9760FB58}.Release|iPhoneSimulator.ActiveCfg = Release|Any CPU
		{87D3D04B-5B6A-460F-939D-B03D9760FB58}.Release|iPhoneSimulator.Build.0 = Release|Any CPU
		{87D3D04B-5B6A-460F-939D-B03D9760FB58}.Release|iPhoneSimulator.Deploy.0 = Release|Any CPU
	EndGlobalSection
	GlobalSection(SolutionProperties) = preSolution
		HideSolutionNode = FALSE
	EndGlobalSection
	GlobalSection(ExtensibilityGlobals) = postSolution
		SolutionGuid = {4D0E0E59-35B3-478E-9C75-A4DEF3E7F83D}
	EndGlobalSection
EndGlobal
